{
  "name": "tutorial",
  "version": "1.0.0",
  "lockfileVersion": 3,
  "requires": true,
  "packages": {
    "": {
      "name": "tutorial",
      "version": "1.0.0",
      "license": "ISC",
      "dependencies": {
        "@1password/sdk": "^0.1.5"
      }
    },
    "node_modules/@1password/sdk": {
      "version": "0.1.5",
      "resolved": "https://registry.npmjs.org/@1password/sdk/-/sdk-0.1.5.tgz",
      "integrity": "sha512-kdHRdqpDarG2z/+SQVJyvB+OFiSyigJ+Ntrohn9h80U+LU5Q+qTKGC3UqzFu4ygJo2TWn1FDuslXvLVygt48NQ==",
      "dependencies": {
        "@1password/sdk-core": "0.1.5"
      }
    },
    "node_modules/@1password/sdk-core": {
      "version": "0.1.5",
      "resolved": "https://registry.npmjs.org/@1password/sdk-core/-/sdk-core-0.1.5.tgz",
      "integrity": "sha512-i5Q0tatxe3cXm37dTEcMN9tNywu0iYr/enFzC76tUiOuZHcC4UVFTLH33b/xT3HparaWJzZA9fYP1zjjQe3fbA=="
    }
  }
}
